<Solution>
  <Configurations>
    <Platform Name="x64" />
    <Platform Name="x86" />
  </Configurations>
  <Project Path="Array/Array.vcxproj" Id="8f45050a-51e9-44fb-b965-8491a662899e" />
  <Project Path="Fraction/Fraction.vcxproj" Id="94dcda23-d020-446e-a1b7-5d57c003c6ee" />
  <Project Path="Function/Function.vcxproj" Id="3186c353-7d15-460b-aad1-dcff91d88e4f" />
  <Project Path="Password/Password.vcxproj" Id="38cacd40-5224-4e85-a0ab-b819d033cb77" />
  <Project Path="ReadNumber/ReadNumber.vcxproj" Id="a7366fb2-ab18-41a9-a6c2-75f579f4deba" />
  <Project Path="StopWatch/StopWatch.vcxproj" Id="cde49b83-27bc-44c7-855e-646d7907c920" />
</Solution>
